
Microsoft Visual Studio Solution File, Format Version 12.00
Project("{FAE04EC0-301F-11D3-BF4B-00C04F79EFBC}") = "LogBuffer", "LogBuffer.csproj", "{7716395B-ED79-408E-8AF1-6A3C362251FF}"
EndProject
Global
	GlobalSection(SolutionConfigurationPlatforms) = preSolution
		Debug|Any CPU = Debug|Any CPU
		Release|Any CPU = Release|Any CPU
	EndGlobalSection
	GlobalSection(ProjectConfigurationPlatforms) = postSolution
		{7716395B-ED79-408E-8AF1-6A3C362251FF}.Debug|Any CPU.ActiveCfg = Debug|Any CPU
		{7716395B-ED79-408E-8AF1-6A3C362251FF}.Debug|Any CPU.Build.0 = Debug|Any CPU
		{7716395B-ED79-408E-8AF1-6A3C362251FF}.Release|Any CPU.ActiveCfg = Release|Any CPU
		{7716395B-ED79-408E-8AF1-6A3C362251FF}.Release|Any CPU.Build.0 = Release|Any CPU
	EndGlobalSection
EndGlobal
